{
  "lockfileVersion": 1,
  "configVersion": 1,
  "workspaces": {
    "": {
      "name": "idp-status-monitoring",
      "devDependencies": {
        "@tsconfig/bun": "1.0.10",
        "@types/bun": "1.3.14",
        "prettier": "3.9.5",
        "prettier-plugin-organize-imports": "4.3.0",
        "typescript": "6.0.3",
      },
    },
    "idp-status-monitoring-consumer": {
      "name": "idp-status-monitoring-consumer",
      "dependencies": {
        "amqp-connection-manager": "5.0.0",
        "amqplib": "2.0.1",
        "consola": "3.4.2",
        "uuid": "14.0.1",
        "zod": "4.4.3",
      },
      "devDependencies": {
        "@types/amqplib": "0.10.8",
      },
    },
    "idp-status-monitoring-producer": {
      "name": "idp-status-monitoring-producer",
      "dependencies": {
        "@hono/zod-validator": "0.8.0",
        "amqp-connection-manager": "5.0.0",
        "amqplib": "2.0.1",
        "consola": "3.4.2",
        "hono": "4.12.27",
        "uuid": "14.0.1",
        "zod": "4.4.3",
      },
      "devDependencies": {
        "@types/amqplib": "0.10.8",
      },
    },
  },
  "packages": {
    "@hono/zod-validator": ["@hono/zod-validator@0.8.0", "", { "peerDependencies": { "hono": ">=4.10.0", "zod": "^3.25.0 || ^4.0.0" } }, "sha512-5uS4S1/LKtZQYvD4BtpPUFkOv8d1wNxHHrChm26buMiEYc1FrHWvDUaKVBwkiVtvSExHSpLGDvcnpI2Copyj9w=="],

    "@tsconfig/bun": ["@tsconfig/bun@1.0.10", "", {}, "sha512-5AV5YknQjNyoYzZ/8NG0dawqew/wH+x7ANiCfCIn29qo0cdbd1EryvFD1k5NSZWLBMOI/fGqMIaxi58GPIP9Cg=="],

    "@types/amqplib": ["@types/amqplib@0.10.8", "", { "dependencies": { "@types/node": "*" } }, "sha512-vtDp8Pk1wsE/AuQ8/Rgtm6KUZYqcnTgNvEHwzCkX8rL7AGsC6zqAfKAAJhUZXFhM/Pp++tbnUHiam/8vVpPztA=="],

    "@types/bun": ["@types/bun@1.3.14", "", { "dependencies": { "bun-types": "1.3.14" } }, "sha512-h1hFqFVcvAvD9j9K7ZW7vd82aSA+rTdznZa+5bwvCwqSB1jmmfLcbIWhOLx1/+boy/xmjgCs/OMUL8hRJSmnPw=="],

    "@types/node": ["@types/node@25.5.0", "", { "dependencies": { "undici-types": "~7.18.0" } }, "sha512-jp2P3tQMSxWugkCUKLRPVUpGaL5MVFwF8RDuSRztfwgN1wmqJeMSbKlnEtQqU8UrhTmzEmZdu2I6v2dpp7XIxw=="],

    "amqp-connection-manager": ["amqp-connection-manager@5.0.0", "", { "dependencies": { "promise-breaker": "^6.0.0" }, "peerDependencies": { "amqplib": "*" } }, "sha512-88yQzqa5RSBgnLl504XjvCQJ7d+osskdwvg35Lwm1LRbfLjNU9p7SQUMSP82BB7mseiq9tIUPJ3HE3eXQbpjEw=="],

    "amqplib": ["amqplib@2.0.1", "", {}, "sha512-a3P2MgfCf9nzVis12VxWEn0dS6hcqve7dlEAhXDtIWR27BlhtMkILOc+H9aeHjDi6i6r94dYKc2Kx2OFe3avvg=="],

    "bun-types": ["bun-types@1.3.14", "", { "dependencies": { "@types/node": "*" } }, "sha512-4N0ig0fEomHt5R0KCFWjovxow98rIoRwKolrYdCcknNwMekCXRnWEUvgu5soYV8QXtVsrUD8B95MBOZGPvr6KQ=="],

    "consola": ["consola@3.4.2", "", {}, "sha512-5IKcdX0nnYavi6G7TtOhwkYzyjfJlatbjMjuLSfE2kYT5pMDOilZ4OvMhi637CcDICTmz3wARPoyhqyX1Y+XvA=="],

    "hono": ["hono@4.12.27", "", {}, "sha512-1yrb/+w6HWQJrUCLkJ2IF5jNIPvvFkblV5RNOYl6bV+OA6p9GLcMpHFFGTosSvHvcAUibuUukRqhlYI4z32C7Q=="],

    "idp-status-monitoring-consumer": ["idp-status-monitoring-consumer@workspace:idp-status-monitoring-consumer"],

    "idp-status-monitoring-producer": ["idp-status-monitoring-producer@workspace:idp-status-monitoring-producer"],

    "prettier": ["prettier@3.9.5", "", { "bin": { "prettier": "bin/prettier.cjs" } }, "sha512-/FVl766LpUfB5vXgCYOYa0MeV/441Ia99AeICQIQFTY/Nw0roZwULcXpku5i1/m5kt/baz+s4Zogspd839HSMg=="],

    "prettier-plugin-organize-imports": ["prettier-plugin-organize-imports@4.3.0", "", { "peerDependencies": { "prettier": ">=2.0", "typescript": ">=2.9", "vue-tsc": "^2.1.0 || 3" }, "optionalPeers": ["vue-tsc"] }, "sha512-FxFz0qFhyBsGdIsb697f/EkvHzi5SZOhWAjxcx2dLt+Q532bAlhswcXGYB1yzjZ69kW8UoadFBw7TyNwlq96Iw=="],

    "promise-breaker": ["promise-breaker@6.0.0", "", {}, "sha512-BthzO9yTPswGf7etOBiHCVuugs2N01/Q/94dIPls48z2zCmrnDptUUZzfIb+41xq0MnYZ/BzmOd6ikDR4ibNZA=="],

    "typescript": ["typescript@6.0.3", "", { "bin": { "tsc": "bin/tsc", "tsserver": "bin/tsserver" } }, "sha512-y2TvuxSZPDyQakkFRPZHKFm+KKVqIisdg9/CZwm9ftvKXLP8NRWj38/ODjNbr43SsoXqNuAisEf1GdCxqWcdBw=="],

    "undici-types": ["undici-types@7.18.2", "", {}, "sha512-AsuCzffGHJybSaRrmr5eHr81mwJU3kjw6M+uprWvCXiNeN9SOGwQ3Jn8jb8m3Z6izVgknn1R0FTCEAP2QrLY/w=="],

    "uuid": ["uuid@14.0.1", "", { "bin": { "uuid": "dist-node/bin/uuid" } }, "sha512-6ZxzVpzDXDa3bJWaHilVayA+BH/1zmxCJoVgvmqJnid/gPoKHxUrS/aC/T6LGQtNHT+XHG9fXPJB4d+IrU30Ew=="],

    "zod": ["zod@4.4.3", "", {}, "sha512-ytENFjIJFl2UwYglde2jchW2Hwm4GJFLDiSXWdTrJQBIN9Fcyp7n4DhxJEiWNAJMV1/BqWfW/kkg71UDcHJyTQ=="],
  }
}
